PODS:
  - boost-for-react-native (1.63.0)
  - BVLinearGradient (2.6.2):
    - React-Core
  - CocoaAsyncSocket (7.6.5)
  - DoubleConversion (1.1.6)
  - FBLazyVector (0.65.0)
  - FBReactNativeSpec (0.65.0):
    - RCT-Folly (= 2021.04.26.00)
    - RCTRequired (= 0.65.0)
    - RCTTypeSafety (= 0.65.0)
    - React-Core (= 0.65.0)
    - React-jsi (= 0.65.0)
    - ReactCommon/turbomodule/core (= 0.65.0)
  - Firebase (9.4.0):
    - Firebase/Core (= 9.4.0)
  - Firebase/Analytics (9.4.0):
    - Firebase/Core
  - Firebase/Auth (9.4.0):
    - Firebase/CoreOnly
    - FirebaseAuth (~> 9.4.0)
  - Firebase/Core (9.4.0):
    - Firebase/CoreOnly
    - FirebaseAnalytics (~> 9.4.0)
  - Firebase/CoreOnly (9.4.0):
    - FirebaseCore (= 9.4.0)
  - Firebase/Crashlytics (9.4.0):
    - Firebase/CoreOnly
    - FirebaseCrashlytics (~> 9.4.0)
  - Firebase/Messaging (9.4.0):
    - Firebase/CoreOnly
    - FirebaseMessaging (~> 9.4.0)
  - FirebaseAnalytics (9.4.0):
    - FirebaseAnalytics/AdIdSupport (= 9.4.0)
    - FirebaseCore (~> 9.0)
    - FirebaseInstallations (~> 9.0)
    - GoogleUtilities/AppDelegateSwizzler (~> 7.7)
    - GoogleUtilities/MethodSwizzler (~> 7.7)
    - GoogleUtilities/Network (~> 7.7)
    - "GoogleUtilities/NSData+zlib (~> 7.7)"
    - nanopb (< 2.30910.0, >= 2.30908.0)
  - FirebaseAnalytics/AdIdSupport (9.4.0):
    - FirebaseCore (~> 9.0)
    - FirebaseInstallations (~> 9.0)
    - GoogleAppMeasurement (= 9.4.0)
    - GoogleUtilities/AppDelegateSwizzler (~> 7.7)
    - GoogleUtilities/MethodSwizzler (~> 7.7)
    - GoogleUtilities/Network (~> 7.7)
    - "GoogleUtilities/NSData+zlib (~> 7.7)"
    - nanopb (< 2.30910.0, >= 2.30908.0)
  - FirebaseAuth (9.4.0):
    - FirebaseCore (~> 9.0)
    - GoogleUtilities/AppDelegateSwizzler (~> 7.7)
    - GoogleUtilities/Environment (~> 7.7)
    - GTMSessionFetcher/Core (< 3.0, >= 1.7)
  - FirebaseCore (9.4.0):
    - FirebaseCoreDiagnostics (~> 9.0)
    - FirebaseCoreInternal (~> 9.0)
    - GoogleUtilities/Environment (~> 7.7)
    - GoogleUtilities/Logger (~> 7.7)
  - FirebaseCoreDiagnostics (9.5.0):
    - GoogleDataTransport (< 10.0.0, >= 9.1.4)
    - GoogleUtilities/Environment (~> 7.7)
    - GoogleUtilities/Logger (~> 7.7)
    - nanopb (< 2.30910.0, >= 2.30908.0)
  - FirebaseCoreExtension (9.4.0):
    - FirebaseCore (~> 9.0)
  - FirebaseCoreInternal (9.5.0):
    - "GoogleUtilities/NSData+zlib (~> 7.7)"
  - FirebaseCrashlytics (9.4.0):
    - FirebaseCore (~> 9.0)
    - FirebaseInstallations (~> 9.0)
    - GoogleDataTransport (< 10.0.0, >= 9.1.4)
    - GoogleUtilities/Environment (~> 7.7)
    - nanopb (< 2.30910.0, >= 2.30908.0)
    - PromisesObjC (~> 2.1)
  - FirebaseInstallations (9.5.0):
    - FirebaseCore (~> 9.0)
    - GoogleUtilities/Environment (~> 7.7)
    - GoogleUtilities/UserDefaults (~> 7.7)
    - PromisesObjC (~> 2.1)
  - FirebaseMessaging (9.4.0):
    - FirebaseCore (~> 9.0)
    - FirebaseInstallations (~> 9.0)
    - GoogleDataTransport (< 10.0.0, >= 9.1.4)
    - GoogleUtilities/AppDelegateSwizzler (~> 7.7)
    - GoogleUtilities/Environment (~> 7.7)
    - GoogleUtilities/Reachability (~> 7.7)
    - GoogleUtilities/UserDefaults (~> 7.7)
    - nanopb (< 2.30910.0, >= 2.30908.0)
  - Flipper (0.93.0):
    - Flipper-Folly (~> 2.6)
    - Flipper-RSocket (~> 1.4)
  - Flipper-Boost-iOSX (1.76.0.1.11)
  - Flipper-DoubleConversion (3.1.7)
  - Flipper-Fmt (7.1.7)
  - Flipper-Folly (2.6.7):
    - Flipper-Boost-iOSX
    - Flipper-DoubleConversion
    - Flipper-Fmt (= 7.1.7)
    - Flipper-Glog
    - libevent (~> 2.1.12)
    - OpenSSL-Universal (= 1.1.180)
  - Flipper-Glog (0.3.6)
  - Flipper-PeerTalk (0.0.4)
  - Flipper-RSocket (1.4.3):
    - Flipper-Folly (~> 2.6)
  - FlipperKit (0.93.0):
    - FlipperKit/Core (= 0.93.0)
  - FlipperKit/Core (0.93.0):
    - Flipper (~> 0.93.0)
    - FlipperKit/CppBridge
    - FlipperKit/FBCxxFollyDynamicConvert
    - FlipperKit/FBDefines
    - FlipperKit/FKPortForwarding
  - FlipperKit/CppBridge (0.93.0):
    - Flipper (~> 0.93.0)
  - FlipperKit/FBCxxFollyDynamicConvert (0.93.0):
    - Flipper-Folly (~> 2.6)
  - FlipperKit/FBDefines (0.93.0)
  - FlipperKit/FKPortForwarding (0.93.0):
    - CocoaAsyncSocket (~> 7.6)
    - Flipper-PeerTalk (~> 0.0.4)
  - FlipperKit/FlipperKitHighlightOverlay (0.93.0)
  - FlipperKit/FlipperKitLayoutHelpers (0.93.0):
    - FlipperKit/Core
    - FlipperKit/FlipperKitHighlightOverlay
    - FlipperKit/FlipperKitLayoutTextSearchable
  - FlipperKit/FlipperKitLayoutIOSDescriptors (0.93.0):
    - FlipperKit/Core
    - FlipperKit/FlipperKitHighlightOverlay
    - FlipperKit/FlipperKitLayoutHelpers
    - YogaKit (~> 1.18)
  - FlipperKit/FlipperKitLayoutPlugin (0.93.0):
    - FlipperKit/Core
    - FlipperKit/FlipperKitHighlightOverlay
    - FlipperKit/FlipperKitLayoutHelpers
    - FlipperKit/FlipperKitLayoutIOSDescriptors
    - FlipperKit/FlipperKitLayoutTextSearchable
    - YogaKit (~> 1.18)
  - FlipperKit/FlipperKitLayoutTextSearchable (0.93.0)
  - FlipperKit/FlipperKitNetworkPlugin (0.93.0):
    - FlipperKit/Core
  - FlipperKit/FlipperKitReactPlugin (0.93.0):
    - FlipperKit/Core
  - FlipperKit/FlipperKitUserDefaultsPlugin (0.93.0):
    - FlipperKit/Core
  - FlipperKit/SKIOSNetworkPlugin (0.93.0):
    - FlipperKit/Core
    - FlipperKit/FlipperKitNetworkPlugin
  - fmt (6.2.1)
  - glog (0.3.5)
  - Google-Maps-iOS-Utils (4.1.0):
    - Google-Maps-iOS-Utils/Clustering (= 4.1.0)
    - Google-Maps-iOS-Utils/Geometry (= 4.1.0)
    - Google-Maps-iOS-Utils/GeometryUtils (= 4.1.0)
    - Google-Maps-iOS-Utils/Heatmap (= 4.1.0)
    - Google-Maps-iOS-Utils/QuadTree (= 4.1.0)
    - GoogleMaps
  - Google-Maps-iOS-Utils/Clustering (4.1.0):
    - Google-Maps-iOS-Utils/QuadTree
    - GoogleMaps
  - Google-Maps-iOS-Utils/Geometry (4.1.0):
    - GoogleMaps
  - Google-Maps-iOS-Utils/GeometryUtils (4.1.0):
    - GoogleMaps
  - Google-Maps-iOS-Utils/Heatmap (4.1.0):
    - Google-Maps-iOS-Utils/QuadTree
    - GoogleMaps
  - Google-Maps-iOS-Utils/QuadTree (4.1.0):
    - GoogleMaps
  - GoogleAppMeasurement (9.4.0):
    - GoogleAppMeasurement/AdIdSupport (= 9.4.0)
    - GoogleUtilities/AppDelegateSwizzler (~> 7.7)
    - GoogleUtilities/MethodSwizzler (~> 7.7)
    - GoogleUtilities/Network (~> 7.7)
    - "GoogleUtilities/NSData+zlib (~> 7.7)"
    - nanopb (< 2.30910.0, >= 2.30908.0)
  - GoogleAppMeasurement/AdIdSupport (9.4.0):
    - GoogleAppMeasurement/WithoutAdIdSupport (= 9.4.0)
    - GoogleUtilities/AppDelegateSwizzler (~> 7.7)
    - GoogleUtilities/MethodSwizzler (~> 7.7)
    - GoogleUtilities/Network (~> 7.7)
    - "GoogleUtilities/NSData+zlib (~> 7.7)"
    - nanopb (< 2.30910.0, >= 2.30908.0)
  - GoogleAppMeasurement/WithoutAdIdSupport (9.4.0):
    - GoogleUtilities/AppDelegateSwizzler (~> 7.7)
    - GoogleUtilities/MethodSwizzler (~> 7.7)
    - GoogleUtilities/Network (~> 7.7)
    - "GoogleUtilities/NSData+zlib (~> 7.7)"
    - nanopb (< 2.30910.0, >= 2.30908.0)
  - GoogleDataTransport (9.2.0):
    - GoogleUtilities/Environment (~> 7.7)
    - nanopb (< 2.30910.0, >= 2.30908.0)
    - PromisesObjC (< 3.0, >= 1.2)
  - GoogleMaps (7.0.0):
    - GoogleMaps/Maps (= 7.0.0)
  - GoogleMaps/Base (7.0.0)
  - GoogleMaps/Maps (7.0.0):
    - GoogleMaps/Base
  - GoogleUtilities (7.7.0):
    - GoogleUtilities/AppDelegateSwizzler (= 7.7.0)
    - GoogleUtilities/Environment (= 7.7.0)
    - GoogleUtilities/ISASwizzler (= 7.7.0)
    - GoogleUtilities/Logger (= 7.7.0)
    - GoogleUtilities/MethodSwizzler (= 7.7.0)
    - GoogleUtilities/Network (= 7.7.0)
    - "GoogleUtilities/NSData+zlib (= 7.7.0)"
    - GoogleUtilities/Reachability (= 7.7.0)
    - GoogleUtilities/SwizzlerTestHelpers (= 7.7.0)
    - GoogleUtilities/UserDefaults (= 7.7.0)
  - GoogleUtilities/AppDelegateSwizzler (7.7.0):
    - GoogleUtilities/Environment
    - GoogleUtilities/Logger
    - GoogleUtilities/Network
  - GoogleUtilities/Environment (7.7.0):
    - PromisesObjC (< 3.0, >= 1.2)
  - GoogleUtilities/ISASwizzler (7.7.0)
  - GoogleUtilities/Logger (7.7.0):
    - GoogleUtilities/Environment
  - GoogleUtilities/MethodSwizzler (7.7.0):
    - GoogleUtilities/Logger
  - GoogleUtilities/Network (7.7.0):
    - GoogleUtilities/Logger
    - "GoogleUtilities/NSData+zlib"
    - GoogleUtilities/Reachability
  - "GoogleUtilities/NSData+zlib (7.7.0)"
  - GoogleUtilities/Reachability (7.7.0):
    - GoogleUtilities/Logger
  - GoogleUtilities/SwizzlerTestHelpers (7.7.0):
    - GoogleUtilities/MethodSwizzler
  - GoogleUtilities/UserDefaults (7.7.0):
    - GoogleUtilities/Logger
  - GTMSessionFetcher/Core (2.1.0)
  - IQKeyboardManagerSwift (6.5.4)
  - libevent (2.1.12)
  - libwebp (1.2.3):
    - libwebp/demux (= 1.2.3)
    - libwebp/mux (= 1.2.3)
    - libwebp/webp (= 1.2.3)
  - libwebp/demux (1.2.3):
    - libwebp/webp
  - libwebp/mux (1.2.3):
    - libwebp/demux
  - libwebp/webp (1.2.3)
  - lottie-ios (3.2.3)
  - lottie-react-native (4.1.3):
    - lottie-ios (~> 3.2.3)
    - React-Core
  - nanopb (2.30909.0):
    - nanopb/decode (= 2.30909.0)
    - nanopb/encode (= 2.30909.0)
  - nanopb/decode (2.30909.0)
  - nanopb/encode (2.30909.0)
  - OpenSSL-Universal (1.1.180)
  - PromisesObjC (2.1.1)
  - RCT-Folly (2021.04.26.00):
    - boost-for-react-native
    - DoubleConversion
    - fmt (~> 6.2.1)
    - glog
    - RCT-Folly/Default (= 2021.04.26.00)
  - RCT-Folly/Default (2021.04.26.00):
    - boost-for-react-native
    - DoubleConversion
    - fmt (~> 6.2.1)
    - glog
  - RCTRequired (0.65.0)
  - RCTTypeSafety (0.65.0):
    - FBLazyVector (= 0.65.0)
    - RCT-Folly (= 2021.04.26.00)
    - RCTRequired (= 0.65.0)
    - React-Core (= 0.65.0)
  - React (0.65.0):
    - React-Core (= 0.65.0)
    - React-Core/DevSupport (= 0.65.0)
    - React-Core/RCTWebSocket (= 0.65.0)
    - React-RCTActionSheet (= 0.65.0)
    - React-RCTAnimation (= 0.65.0)
    - React-RCTBlob (= 0.65.0)
    - React-RCTImage (= 0.65.0)
    - React-RCTLinking (= 0.65.0)
    - React-RCTNetwork (= 0.65.0)
    - React-RCTSettings (= 0.65.0)
    - React-RCTText (= 0.65.0)
    - React-RCTVibration (= 0.65.0)
  - React-callinvoker (0.65.0)
  - React-Core (0.65.0):
    - glog
    - RCT-Folly (= 2021.04.26.00)
    - React-Core/Default (= 0.65.0)
    - React-cxxreact (= 0.65.0)
    - React-jsi (= 0.65.0)
    - React-jsiexecutor (= 0.65.0)
    - React-perflogger (= 0.65.0)
    - Yoga
  - React-Core/CoreModulesHeaders (0.65.0):
    - glog
    - RCT-Folly (= 2021.04.26.00)
    - React-Core/Default
    - React-cxxreact (= 0.65.0)
    - React-jsi (= 0.65.0)
    - React-jsiexecutor (= 0.65.0)
    - React-perflogger (= 0.65.0)
    - Yoga
  - React-Core/Default (0.65.0):
    - glog
    - RCT-Folly (= 2021.04.26.00)
    - React-cxxreact (= 0.65.0)
    - React-jsi (= 0.65.0)
    - React-jsiexecutor (= 0.65.0)
    - React-perflogger (= 0.65.0)
    - Yoga
  - React-Core/DevSupport (0.65.0):
    - glog
    - RCT-Folly (= 2021.04.26.00)
    - React-Core/Default (= 0.65.0)
    - React-Core/RCTWebSocket (= 0.65.0)
    - React-cxxreact (= 0.65.0)
    - React-jsi (= 0.65.0)
    - React-jsiexecutor (= 0.65.0)
    - React-jsinspector (= 0.65.0)
    - React-perflogger (= 0.65.0)
    - Yoga
  - React-Core/RCTActionSheetHeaders (0.65.0):
    - glog
    - RCT-Folly (= 2021.04.26.00)
    - React-Core/Default
    - React-cxxreact (= 0.65.0)
    - React-jsi (= 0.65.0)
    - React-jsiexecutor (= 0.65.0)
    - React-perflogger (= 0.65.0)
    - Yoga
  - React-Core/RCTAnimationHeaders (0.65.0):
    - glog
    - RCT-Folly (= 2021.04.26.00)
    - React-Core/Default
    - React-cxxreact (= 0.65.0)
    - React-jsi (= 0.65.0)
    - React-jsiexecutor (= 0.65.0)
    - React-perflogger (= 0.65.0)
    - Yoga
  - React-Core/RCTBlobHeaders (0.65.0):
    - glog
    - RCT-Folly (= 2021.04.26.00)
    - React-Core/Default
    - React-cxxreact (= 0.65.0)
    - React-jsi (= 0.65.0)
    - React-jsiexecutor (= 0.65.0)
    - React-perflogger (= 0.65.0)
    - Yoga
  - React-Core/RCTImageHeaders (0.65.0):
    - glog
    - RCT-Folly (= 2021.04.26.00)
    - React-Core/Default
    - React-cxxreact (= 0.65.0)
    - React-jsi (= 0.65.0)
    - React-jsiexecutor (= 0.65.0)
    - React-perflogger (= 0.65.0)
    - Yoga
  - React-Core/RCTLinkingHeaders (0.65.0):
    - glog
    - RCT-Folly (= 2021.04.26.00)
    - React-Core/Default
    - React-cxxreact (= 0.65.0)
    - React-jsi (= 0.65.0)
    - React-jsiexecutor (= 0.65.0)
    - React-perflogger (= 0.65.0)
    - Yoga
  - React-Core/RCTNetworkHeaders (0.65.0):
    - glog
    - RCT-Folly (= 2021.04.26.00)
    - React-Core/Default
    - React-cxxreact (= 0.65.0)
    - React-jsi (= 0.65.0)
    - React-jsiexecutor (= 0.65.0)
    - React-perflogger (= 0.65.0)
    - Yoga
  - React-Core/RCTSettingsHeaders (0.65.0):
    - glog
    - RCT-Folly (= 2021.04.26.00)
    - React-Core/Default
    - React-cxxreact (= 0.65.0)
    - React-jsi (= 0.65.0)
    - React-jsiexecutor (= 0.65.0)
    - React-perflogger (= 0.65.0)
    - Yoga
  - React-Core/RCTTextHeaders (0.65.0):
    - glog
    - RCT-Folly (= 2021.04.26.00)
    - React-Core/Default
    - React-cxxreact (= 0.65.0)
    - React-jsi (= 0.65.0)
    - React-jsiexecutor (= 0.65.0)
    - React-perflogger (= 0.65.0)
    - Yoga
  - React-Core/RCTVibrationHeaders (0.65.0):
    - glog
    - RCT-Folly (= 2021.04.26.00)
    - React-Core/Default
    - React-cxxreact (= 0.65.0)
    - React-jsi (= 0.65.0)
    - React-jsiexecutor (= 0.65.0)
    - React-perflogger (= 0.65.0)
    - Yoga
  - React-Core/RCTWebSocket (0.65.0):
    - glog
    - RCT-Folly (= 2021.04.26.00)
    - React-Core/Default (= 0.65.0)
    - React-cxxreact (= 0.65.0)
    - React-jsi (= 0.65.0)
    - React-jsiexecutor (= 0.65.0)
    - React-perflogger (= 0.65.0)
    - Yoga
  - React-CoreModules (0.65.0):
    - FBReactNativeSpec (= 0.65.0)
    - RCT-Folly (= 2021.04.26.00)
    - RCTTypeSafety (= 0.65.0)
    - React-Core/CoreModulesHeaders (= 0.65.0)
    - React-jsi (= 0.65.0)
    - React-RCTImage (= 0.65.0)
    - ReactCommon/turbomodule/core (= 0.65.0)
  - React-cxxreact (0.65.0):
    - boost-for-react-native (= 1.63.0)
    - DoubleConversion
    - glog
    - RCT-Folly (= 2021.04.26.00)
    - React-callinvoker (= 0.65.0)
    - React-jsi (= 0.65.0)
    - React-jsinspector (= 0.65.0)
    - React-perflogger (= 0.65.0)
    - React-runtimeexecutor (= 0.65.0)
  - React-jsi (0.65.0):
    - boost-for-react-native (= 1.63.0)
    - DoubleConversion
    - glog
    - RCT-Folly (= 2021.04.26.00)
    - React-jsi/Default (= 0.65.0)
  - React-jsi/Default (0.65.0):
    - boost-for-react-native (= 1.63.0)
    - DoubleConversion
    - glog
    - RCT-Folly (= 2021.04.26.00)
  - React-jsiexecutor (0.65.0):
    - DoubleConversion
    - glog
    - RCT-Folly (= 2021.04.26.00)
    - React-cxxreact (= 0.65.0)
    - React-jsi (= 0.65.0)
    - React-perflogger (= 0.65.0)
  - React-jsinspector (0.65.0)
  - react-native-blur (4.2.0):
    - React-Core
  - react-native-google-maps (1.3.1):
    - Google-Maps-iOS-Utils (= 4.1.0)
    - GoogleMaps (= 7.0.0)
    - React-Core
  - react-native-location (2.5.0):
    - React
  - react-native-maps (1.3.1):
    - React-Core
  - react-native-netinfo (9.3.0):
    - React-Core
  - react-native-orientation (3.1.0):
    - React
  - react-native-restart (0.0.24):
    - React-Core
  - react-native-safe-area-context (4.3.3):
    - RCT-Folly
    - RCTRequired
    - RCTTypeSafety
    - React-Core
    - ReactCommon/turbomodule/core
  - react-native-simple-toast (1.1.4):
    - React-Core
    - Toast (~> 4.0.0)
  - react-native-splash-screen (3.3.0):
    - React-Core
  - react-native-version-check (3.4.3):
    - React
  - react-native-webview (11.23.0):
    - React-Core
  - React-perflogger (0.65.0)
  - React-RCTActionSheet (0.65.0):
    - React-Core/RCTActionSheetHeaders (= 0.65.0)
  - React-RCTAnimation (0.65.0):
    - FBReactNativeSpec (= 0.65.0)
    - RCT-Folly (= 2021.04.26.00)
    - RCTTypeSafety (= 0.65.0)
    - React-Core/RCTAnimationHeaders (= 0.65.0)
    - React-jsi (= 0.65.0)
    - ReactCommon/turbomodule/core (= 0.65.0)
  - React-RCTBlob (0.65.0):
    - FBReactNativeSpec (= 0.65.0)
    - RCT-Folly (= 2021.04.26.00)
    - React-Core/RCTBlobHeaders (= 0.65.0)
    - React-Core/RCTWebSocket (= 0.65.0)
    - React-jsi (= 0.65.0)
    - React-RCTNetwork (= 0.65.0)
    - ReactCommon/turbomodule/core (= 0.65.0)
  - React-RCTImage (0.65.0):
    - FBReactNativeSpec (= 0.65.0)
    - RCT-Folly (= 2021.04.26.00)
    - RCTTypeSafety (= 0.65.0)
    - React-Core/RCTImageHeaders (= 0.65.0)
    - React-jsi (= 0.65.0)
    - React-RCTNetwork (= 0.65.0)
    - ReactCommon/turbomodule/core (= 0.65.0)
  - React-RCTLinking (0.65.0):
    - FBReactNativeSpec (= 0.65.0)
    - React-Core/RCTLinkingHeaders (= 0.65.0)
    - React-jsi (= 0.65.0)
    - ReactCommon/turbomodule/core (= 0.65.0)
  - React-RCTNetwork (0.65.0):
    - FBReactNativeSpec (= 0.65.0)
    - RCT-Folly (= 2021.04.26.00)
    - RCTTypeSafety (= 0.65.0)
    - React-Core/RCTNetworkHeaders (= 0.65.0)
    - React-jsi (= 0.65.0)
    - ReactCommon/turbomodule/core (= 0.65.0)
  - React-RCTSettings (0.65.0):
    - FBReactNativeSpec (= 0.65.0)
    - RCT-Folly (= 2021.04.26.00)
    - RCTTypeSafety (= 0.65.0)
    - React-Core/RCTSettingsHeaders (= 0.65.0)
    - React-jsi (= 0.65.0)
    - ReactCommon/turbomodule/core (= 0.65.0)
  - React-RCTText (0.65.0):
    - React-Core/RCTTextHeaders (= 0.65.0)
  - React-RCTVibration (0.65.0):
    - FBReactNativeSpec (= 0.65.0)
    - RCT-Folly (= 2021.04.26.00)
    - React-Core/RCTVibrationHeaders (= 0.65.0)
    - React-jsi (= 0.65.0)
    - ReactCommon/turbomodule/core (= 0.65.0)
  - React-runtimeexecutor (0.65.0):
    - React-jsi (= 0.65.0)
  - ReactCommon/turbomodule/core (0.65.0):
    - DoubleConversion
    - glog
    - RCT-Folly (= 2021.04.26.00)
    - React-callinvoker (= 0.65.0)
    - React-Core (= 0.65.0)
    - React-cxxreact (= 0.65.0)
    - React-jsi (= 0.65.0)
    - React-perflogger (= 0.65.0)
  - ReactNativeExceptionHandler (2.10.10):
    - React-Core
  - ReactNativeKeyboardManager (6.5.4-4):
    - IQKeyboardManagerSwift (= 6.5.4)
    - React-Core
    - React-RCTText
  - rn-fetch-blob (0.12.0):
    - React-Core
  - RNCAsyncStorage (1.17.10):
    - React-Core
  - RNCCheckbox (0.5.12):
    - React-Core
  - RNCClipboard (1.5.1):
    - React-Core
  - RNCMaskedView (0.1.11):
    - React
  - RNColorMatrixImageFilters (5.2.14):
    - React-Core
  - RNDeviceInfo (10.0.2):
    - React-Core
  - RNDominantColor (1.7.2):
    - React
  - RNFastImage (8.5.11):
    - React-Core
    - SDWebImage (~> 5.11.1)
    - SDWebImageWebPCoder (~> 0.8.4)
  - RNFBAnalytics (15.3.0):
    - Firebase/Analytics (= 9.4.0)
    - React-Core
    - RNFBApp
  - RNFBApp (15.3.0):
    - Firebase/CoreOnly (= 9.4.0)
    - React-Core
  - RNFBAuth (15.3.0):
    - Firebase/Auth (= 9.4.0)
    - React-Core
    - RNFBApp
  - RNFBCrashlytics (15.3.0):
    - Firebase/Crashlytics (= 9.4.0)
    - FirebaseCoreExtension (= 9.4.0)
    - React-Core
    - RNFBApp
  - RNFBMessaging (15.3.0):
    - Firebase/Messaging (= 9.4.0)
    - FirebaseCoreExtension (= 9.4.0)
    - React-Core
    - RNFBApp
  - RNGestureHandler (1.10.3):
    - React-Core
  - RNImageCropPicker (0.38.0):
    - React-Core
    - React-RCTImage
    - RNImageCropPicker/QBImagePickerController (= 0.38.0)
    - TOCropViewController
  - RNImageCropPicker/QBImagePickerController (0.38.0):
    - React-Core
    - React-RCTImage
    - TOCropViewController
  - RNPermissions (3.6.1):
    - React-Core
  - RNReanimated (1.13.4):
    - React-Core
  - RNScreens (3.17.0):
    - React-Core
    - React-RCTImage
  - RNShare (7.9.0):
    - React-Core
  - RNSVG (13.0.0):
    - React-Core
  - RNVectorIcons (9.2.0):
    - React-Core
  - SDWebImage (5.11.1):
    - SDWebImage/Core (= 5.11.1)
  - SDWebImage/Core (5.11.1)
  - SDWebImageWebPCoder (0.8.5):
    - libwebp (~> 1.0)
    - SDWebImage/Core (~> 5.10)
  - Toast (4.0.0)
  - TOCropViewController (2.6.1)
  - toolbar-android (0.2.1):
    - React
  - Yoga (1.14.0)
  - YogaKit (1.18.1):
    - Yoga (~> 1.14)

DEPENDENCIES:
  - BVLinearGradient (from `../node_modules/react-native-linear-gradient`)
  - DoubleConversion (from `../node_modules/react-native/third-party-podspecs/DoubleConversion.podspec`)
  - FBLazyVector (from `../node_modules/react-native/Libraries/FBLazyVector`)
  - FBReactNativeSpec (from `../node_modules/react-native/React/FBReactNativeSpec`)
  - Firebase
  - FirebaseCore
  - FirebaseCoreInternal
  - Flipper (= 0.93.0)
  - Flipper-Boost-iOSX (= 1.76.0.1.11)
  - Flipper-DoubleConversion (= 3.1.7)
  - Flipper-Fmt (= 7.1.7)
  - Flipper-Folly (= 2.6.7)
  - Flipper-Glog (= 0.3.6)
  - Flipper-PeerTalk (= 0.0.4)
  - Flipper-RSocket (= 1.4.3)
  - FlipperKit (= 0.93.0)
  - FlipperKit/Core (= 0.93.0)
  - FlipperKit/CppBridge (= 0.93.0)
  - FlipperKit/FBCxxFollyDynamicConvert (= 0.93.0)
  - FlipperKit/FBDefines (= 0.93.0)
  - FlipperKit/FKPortForwarding (= 0.93.0)
  - FlipperKit/FlipperKitHighlightOverlay (= 0.93.0)
  - FlipperKit/FlipperKitLayoutPlugin (= 0.93.0)
  - FlipperKit/FlipperKitLayoutTextSearchable (= 0.93.0)
  - FlipperKit/FlipperKitNetworkPlugin (= 0.93.0)
  - FlipperKit/FlipperKitReactPlugin (= 0.93.0)
  - FlipperKit/FlipperKitUserDefaultsPlugin (= 0.93.0)
  - FlipperKit/SKIOSNetworkPlugin (= 0.93.0)
  - glog (from `../node_modules/react-native/third-party-podspecs/glog.podspec`)
  - Google-Maps-iOS-Utils
  - GoogleMaps
  - GoogleUtilities
  - lottie-ios
  - lottie-react-native (from `../node_modules/lottie-react-native`)
  - RCT-Folly (from `../node_modules/react-native/third-party-podspecs/RCT-Folly.podspec`)
  - RCTRequired (from `../node_modules/react-native/Libraries/RCTRequired`)
  - RCTTypeSafety (from `../node_modules/react-native/Libraries/TypeSafety`)
  - React (from `../node_modules/react-native/`)
  - React-callinvoker (from `../node_modules/react-native/ReactCommon/callinvoker`)
  - React-Core (from `../node_modules/react-native/`)
  - React-Core/DevSupport (from `../node_modules/react-native/`)
  - React-Core/RCTWebSocket (from `../node_modules/react-native/`)
  - React-CoreModules (from `../node_modules/react-native/React/CoreModules`)
  - React-cxxreact (from `../node_modules/react-native/ReactCommon/cxxreact`)
  - React-jsi (from `../node_modules/react-native/ReactCommon/jsi`)
  - React-jsiexecutor (from `../node_modules/react-native/ReactCommon/jsiexecutor`)
  - React-jsinspector (from `../node_modules/react-native/ReactCommon/jsinspector`)
  - "react-native-blur (from `../node_modules/@react-native-community/blur`)"
  - react-native-google-maps (from `../node_modules/react-native-maps`)
  - react-native-location (from `../node_modules/react-native-location`)
  - react-native-maps (from `../node_modules/react-native-maps`)
  - "react-native-netinfo (from `../node_modules/@react-native-community/netinfo`)"
  - react-native-orientation (from `../node_modules/react-native-orientation`)
  - react-native-restart (from `../node_modules/react-native-restart`)
  - react-native-safe-area-context (from `../node_modules/react-native-safe-area-context`)
  - react-native-simple-toast (from `../node_modules/react-native-simple-toast`)
  - react-native-splash-screen (from `../node_modules/react-native-splash-screen`)
  - react-native-version-check (from `../node_modules/react-native-version-check`)
  - react-native-webview (from `../node_modules/react-native-webview`)
  - React-perflogger (from `../node_modules/react-native/ReactCommon/reactperflogger`)
  - React-RCTActionSheet (from `../node_modules/react-native/Libraries/ActionSheetIOS`)
  - React-RCTAnimation (from `../node_modules/react-native/Libraries/NativeAnimation`)
  - React-RCTBlob (from `../node_modules/react-native/Libraries/Blob`)
  - React-RCTImage (from `../node_modules/react-native/Libraries/Image`)
  - React-RCTLinking (from `../node_modules/react-native/Libraries/LinkingIOS`)
  - React-RCTNetwork (from `../node_modules/react-native/Libraries/Network`)
  - React-RCTSettings (from `../node_modules/react-native/Libraries/Settings`)
  - React-RCTText (from `../node_modules/react-native/Libraries/Text`)
  - React-RCTVibration (from `../node_modules/react-native/Libraries/Vibration`)
  - React-runtimeexecutor (from `../node_modules/react-native/ReactCommon/runtimeexecutor`)
  - ReactCommon/turbomodule/core (from `../node_modules/react-native/ReactCommon`)
  - ReactNativeExceptionHandler (from `../node_modules/react-native-exception-handler`)
  - ReactNativeKeyboardManager (from `../node_modules/react-native-keyboard-manager`)
  - rn-fetch-blob (from `../node_modules/rn-fetch-blob`)
  - "RNCAsyncStorage (from `../node_modules/@react-native-async-storage/async-storage`)"
  - "RNCCheckbox (from `../node_modules/@react-native-community/checkbox`)"
  - "RNCClipboard (from `../node_modules/@react-native-community/clipboard`)"
  - "RNCMaskedView (from `../node_modules/@react-native-community/masked-view`)"
  - RNColorMatrixImageFilters (from `../node_modules/react-native-color-matrix-image-filters`)
  - RNDeviceInfo (from `../node_modules/react-native-device-info`)
  - RNDominantColor (from `../node_modules/rn-dominant-color`)
  - RNFastImage (from `../node_modules/react-native-fast-image`)
  - "RNFBAnalytics (from `../node_modules/@react-native-firebase/analytics`)"
  - "RNFBApp (from `../node_modules/@react-native-firebase/app`)"
  - "RNFBAuth (from `../node_modules/@react-native-firebase/auth`)"
  - "RNFBCrashlytics (from `../node_modules/@react-native-firebase/crashlytics`)"
  - "RNFBMessaging (from `../node_modules/@react-native-firebase/messaging`)"
  - RNGestureHandler (from `../node_modules/react-native-gesture-handler`)
  - RNImageCropPicker (from `../node_modules/react-native-image-crop-picker`)
  - RNPermissions (from `../node_modules/react-native-permissions`)
  - RNReanimated (from `../node_modules/react-native-reanimated`)
  - RNScreens (from `../node_modules/react-native-screens`)
  - RNShare (from `../node_modules/react-native-share`)
  - RNSVG (from `../node_modules/react-native-svg`)
  - RNVectorIcons (from `../node_modules/react-native-vector-icons`)
  - "toolbar-android (from `../node_modules/@react-native-community/toolbar-android`)"
  - Yoga (from `../node_modules/react-native/ReactCommon/yoga`)

SPEC REPOS:
  trunk:
    - boost-for-react-native
    - CocoaAsyncSocket
    - Firebase
    - FirebaseAnalytics
    - FirebaseAuth
    - FirebaseCore
    - FirebaseCoreDiagnostics
    - FirebaseCoreExtension
    - FirebaseCoreInternal
    - FirebaseCrashlytics
    - FirebaseInstallations
    - FirebaseMessaging
    - Flipper
    - Flipper-Boost-iOSX
    - Flipper-DoubleConversion
    - Flipper-Fmt
    - Flipper-Folly
    - Flipper-Glog
    - Flipper-PeerTalk
    - Flipper-RSocket
    - FlipperKit
    - fmt
    - Google-Maps-iOS-Utils
    - GoogleAppMeasurement
    - GoogleDataTransport
    - GoogleMaps
    - GoogleUtilities
    - GTMSessionFetcher
    - IQKeyboardManagerSwift
    - libevent
    - libwebp
    - lottie-ios
    - nanopb
    - OpenSSL-Universal
    - PromisesObjC
    - SDWebImage
    - SDWebImageWebPCoder
    - Toast
    - TOCropViewController
    - YogaKit

EXTERNAL SOURCES:
  BVLinearGradient:
    :path: "../node_modules/react-native-linear-gradient"
  DoubleConversion:
    :podspec: "../node_modules/react-native/third-party-podspecs/DoubleConversion.podspec"
  FBLazyVector:
    :path: "../node_modules/react-native/Libraries/FBLazyVector"
  FBReactNativeSpec:
    :path: "../node_modules/react-native/React/FBReactNativeSpec"
  glog:
    :podspec: "../node_modules/react-native/third-party-podspecs/glog.podspec"
  lottie-react-native:
    :path: "../node_modules/lottie-react-native"
  RCT-Folly:
    :podspec: "../node_modules/react-native/third-party-podspecs/RCT-Folly.podspec"
  RCTRequired:
    :path: "../node_modules/react-native/Libraries/RCTRequired"
  RCTTypeSafety:
    :path: "../node_modules/react-native/Libraries/TypeSafety"
  React:
    :path: "../node_modules/react-native/"
  React-callinvoker:
    :path: "../node_modules/react-native/ReactCommon/callinvoker"
  React-Core:
    :path: "../node_modules/react-native/"
  React-CoreModules:
    :path: "../node_modules/react-native/React/CoreModules"
  React-cxxreact:
    :path: "../node_modules/react-native/ReactCommon/cxxreact"
  React-jsi:
    :path: "../node_modules/react-native/ReactCommon/jsi"
  React-jsiexecutor:
    :path: "../node_modules/react-native/ReactCommon/jsiexecutor"
  React-jsinspector:
    :path: "../node_modules/react-native/ReactCommon/jsinspector"
  react-native-blur:
    :path: "../node_modules/@react-native-community/blur"
  react-native-google-maps:
    :path: "../node_modules/react-native-maps"
  react-native-location:
    :path: "../node_modules/react-native-location"
  react-native-maps:
    :path: "../node_modules/react-native-maps"
  react-native-netinfo:
    :path: "../node_modules/@react-native-community/netinfo"
  react-native-orientation:
    :path: "../node_modules/react-native-orientation"
  react-native-restart:
    :path: "../node_modules/react-native-restart"
  react-native-safe-area-context:
    :path: "../node_modules/react-native-safe-area-context"
  react-native-simple-toast:
    :path: "../node_modules/react-native-simple-toast"
  react-native-splash-screen:
    :path: "../node_modules/react-native-splash-screen"
  react-native-version-check:
    :path: "../node_modules/react-native-version-check"
  react-native-webview:
    :path: "../node_modules/react-native-webview"
  React-perflogger:
    :path: "../node_modules/react-native/ReactCommon/reactperflogger"
  React-RCTActionSheet:
    :path: "../node_modules/react-native/Libraries/ActionSheetIOS"
  React-RCTAnimation:
    :path: "../node_modules/react-native/Libraries/NativeAnimation"
  React-RCTBlob:
    :path: "../node_modules/react-native/Libraries/Blob"
  React-RCTImage:
    :path: "../node_modules/react-native/Libraries/Image"
  React-RCTLinking:
    :path: "../node_modules/react-native/Libraries/LinkingIOS"
  React-RCTNetwork:
    :path: "../node_modules/react-native/Libraries/Network"
  React-RCTSettings:
    :path: "../node_modules/react-native/Libraries/Settings"
  React-RCTText:
    :path: "../node_modules/react-native/Libraries/Text"
  React-RCTVibration:
    :path: "../node_modules/react-native/Libraries/Vibration"
  React-runtimeexecutor:
    :path: "../node_modules/react-native/ReactCommon/runtimeexecutor"
  ReactCommon:
    :path: "../node_modules/react-native/ReactCommon"
  ReactNativeExceptionHandler:
    :path: "../node_modules/react-native-exception-handler"
  ReactNativeKeyboardManager:
    :path: "../node_modules/react-native-keyboard-manager"
  rn-fetch-blob:
    :path: "../node_modules/rn-fetch-blob"
  RNCAsyncStorage:
    :path: "../node_modules/@react-native-async-storage/async-storage"
  RNCCheckbox:
    :path: "../node_modules/@react-native-community/checkbox"
  RNCClipboard:
    :path: "../node_modules/@react-native-community/clipboard"
  RNCMaskedView:
    :path: "../node_modules/@react-native-community/masked-view"
  RNColorMatrixImageFilters:
    :path: "../node_modules/react-native-color-matrix-image-filters"
  RNDeviceInfo:
    :path: "../node_modules/react-native-device-info"
  RNDominantColor:
    :path: "../node_modules/rn-dominant-color"
  RNFastImage:
    :path: "../node_modules/react-native-fast-image"
  RNFBAnalytics:
    :path: "../node_modules/@react-native-firebase/analytics"
  RNFBApp:
    :path: "../node_modules/@react-native-firebase/app"
  RNFBAuth:
    :path: "../node_modules/@react-native-firebase/auth"
  RNFBCrashlytics:
    :path: "../node_modules/@react-native-firebase/crashlytics"
  RNFBMessaging:
    :path: "../node_modules/@react-native-firebase/messaging"
  RNGestureHandler:
    :path: "../node_modules/react-native-gesture-handler"
  RNImageCropPicker:
    :path: "../node_modules/react-native-image-crop-picker"
  RNPermissions:
    :path: "../node_modules/react-native-permissions"
  RNReanimated:
    :path: "../node_modules/react-native-reanimated"
  RNScreens:
    :path: "../node_modules/react-native-screens"
  RNShare:
    :path: "../node_modules/react-native-share"
  RNSVG:
    :path: "../node_modules/react-native-svg"
  RNVectorIcons:
    :path: "../node_modules/react-native-vector-icons"
  toolbar-android:
    :path: "../node_modules/@react-native-community/toolbar-android"
  Yoga:
    :path: "../node_modules/react-native/ReactCommon/yoga"

SPEC CHECKSUMS:
  boost-for-react-native: 39c7adb57c4e60d6c5479dd8623128eb5b3f0f2c
  BVLinearGradient: 34a999fda29036898a09c6a6b728b0b4189e1a44
  CocoaAsyncSocket: 065fd1e645c7abab64f7a6a2007a48038fdc6a99
  DoubleConversion: 831926d9b8bf8166fd87886c4abab286c2422662
  FBLazyVector: 55f5afbbb8f5021a000c3d9289820d17cbc541b3
  FBReactNativeSpec: c2d85d69490fc5666bc4123dff3b9b72db06a987
  Firebase: 7703fc4022824b6d6db1bf7bea58d13b8e17ec46
  FirebaseAnalytics: a1a24e72b7ba7f47045a4633f1abb545c07bd29c
  FirebaseAuth: ae5d4402e1516497357d909162b091b3ca2a2e9c
  FirebaseCore: 9a2b10270a854731c4d4d8a97d0aa8380ec3458d
  FirebaseCoreDiagnostics: 17cbf4e72b1dbd64bfdc33d4b1f07bce4f16f1d8
  FirebaseCoreExtension: 2cf8c542b54ad3c2d4b746c22e8828b670dcd9b0
  FirebaseCoreInternal: 50a8e39cae8abf72d5145d07ea34c3244f70862b
  FirebaseCrashlytics: 121ea1d37f4906c94c4c9307297af5121b98b789
  FirebaseInstallations: 41f811b530c41dd90973d0174381cdb3fcb5e839
  FirebaseMessaging: 4e220eddd356181469ba2ec5f7d5fafbc2312841
  Flipper: b1fddf9a17c32097b2b4c806ad158b2f36bb2692
  Flipper-Boost-iOSX: fd1e2b8cbef7e662a122412d7ac5f5bea715403c
  Flipper-DoubleConversion: 57ffbe81ef95306cc9e69c4aa3aeeeeb58a6a28c
  Flipper-Fmt: 60cbdd92fc254826e61d669a5d87ef7015396a9b
  Flipper-Folly: 83af37379faa69497529e414bd43fbfc7cae259a
  Flipper-Glog: 1dfd6abf1e922806c52ceb8701a3599a79a200a6
  Flipper-PeerTalk: 116d8f857dc6ef55c7a5a75ea3ceaafe878aadc9
  Flipper-RSocket: d9d9ade67cbecf6ac10730304bf5607266dd2541
  FlipperKit: aec2d931adeee48a07bab1ea8bcc8a6bb87dfce4
  fmt: ff9d55029c625d3757ed641535fd4a75fedc7ce9
  glog: 5337263514dd6f09803962437687240c5dc39aa4
  Google-Maps-iOS-Utils: 3343332b18dfd5be8f1f44edd7d481ace3da4d9a
  GoogleAppMeasurement: 5d69e04287fc2c10cc43724bfa4bf31fc12c3dff
  GoogleDataTransport: 1c8145da7117bd68bbbed00cf304edb6a24de00f
  GoogleMaps: 6e9c923ca035989709fcb5771544fda4cc5fa2a4
  GoogleUtilities: e0913149f6b0625b553d70dae12b49fc62914fd1
  GTMSessionFetcher: ffbb25ec00ebcb5201adab0a56d808f6f1902d9f
  IQKeyboardManagerSwift: 2dde0fc70110e8eac7ccce2a46fdbec6a850b414
  libevent: 4049cae6c81cdb3654a443be001fb9bdceff7913
  libwebp: 60305b2e989864154bd9be3d772730f08fc6a59c
  lottie-ios: c058aeafa76daa4cf64d773554bccc8385d0150e
  lottie-react-native: b561920bba7ec727ec94a473b683cffba00faece
  nanopb: b552cce312b6c8484180ef47159bc0f65a1f0431
  OpenSSL-Universal: 1aa4f6a6ee7256b83db99ec1ccdaa80d10f9af9b
  PromisesObjC: ab77feca74fa2823e7af4249b8326368e61014cb
  RCT-Folly: 0dd9e1eb86348ecab5ba76f910b56f4b5fef3c46
  RCTRequired: 564b40c9e3d5f4d766333577782408770a61dae9
  RCTTypeSafety: d5c4035b39ffc8b86c56577457888ea70044cdc6
  React: 743892a7daf1f5d3e1eaa6f0a31dd39d0302dc70
  React-callinvoker: 25fe3c8d05d5b7deaaf0cedde4f683002da3b731
  React-Core: f1bcd788883f37752437e9568ad9b0f257cb7f10
  React-CoreModules: bd62bfb939055c37195cada907c9e6df3ddbe52a
  React-cxxreact: 6d8ac3b0f853f0d5e5de80f5784ddc144a9da23f
  React-jsi: 875bcbe2037c9cae07fbda7dd5827fbca06cbdc6
  React-jsiexecutor: 11ec08ad247abb44113ccb3d2b66f7e856d1cdf4
  React-jsinspector: 2aa5dc1b9a02a81c0dcc70c00f2cbe1cd4b875c4
  react-native-blur: 3e9c8e8e9f7d17fa1b94e1a0ae9fd816675f5382
  react-native-google-maps: 751f1dd2362c09d4ac45b09970d78f138a109268
  react-native-location: 5a40ec1cc6abf2f6d94df979f98ec76c3a415681
  react-native-maps: f4067ffa5044ade5bf98d6dde15014318a537c2f
  react-native-netinfo: 129bd99f607a2dc5bb096168f3e5c150fd1f1c95
  react-native-orientation: 991d4dcc364f79a0b683fc977d936f21d069a286
  react-native-restart: 45c8dca02491980f2958595333cbccd6877cb57e
  react-native-safe-area-context: b456e1c40ec86f5593d58b275bd0e9603169daca
  react-native-simple-toast: 8ee5d23f0b92b935ab7434cdb65159ce12dfb4b7
  react-native-splash-screen: 4312f786b13a81b5169ef346d76d33bc0c6dc457
  react-native-version-check: e85c2e21d0955b7cdfd91c0ddacc3edf14b7abd7
  react-native-webview: e771bc375f789ebfa02a26939a57dbc6fa897336
  React-perflogger: 494c61caaf9b7da0a0a612fa4ed570ab7ab5819b
  React-RCTActionSheet: 0ea18583618e2451889be1ce1f658ae8cb436b2e
  React-RCTAnimation: 487a44abe7f082afa2997add929765b9c81d4abc
  React-RCTBlob: 8c9a87d13fd9c0f5d25fb016c1f951f705a1aabe
  React-RCTImage: 3c1ac8efb48dd024348827532207fd18f27b4608
  React-RCTLinking: 7114aff83c2e580706c98fe9c7e520c0d72145ea
  React-RCTNetwork: 8e9177062891464e6f088c0c049afae9da997aad
  React-RCTSettings: 72a6b5009677ea953b1a8064a9aed260dc920d31
  React-RCTText: ed7b3a058180d5d8fff193478158b5e6bb680c3a
  React-RCTVibration: ca17687ea259e8b6bbd4ad74f1f6ec87bff845d8
  React-runtimeexecutor: a9a1ac6a60389c3c588fd9b9158a30ed4d8d28a4
  ReactCommon: c11b11a5dc8187826144b7b3d72125c77a1b7b1a
  ReactNativeExceptionHandler: b11ff67c78802b2f62eed0e10e75cb1ef7947c60
  ReactNativeKeyboardManager: f82a63e0982254fb0f6a17ba327fac575a46f1e9
  rn-fetch-blob: f065bb7ab7fb48dd002629f8bdcb0336602d3cba
  RNCAsyncStorage: 0c357f3156fcb16c8589ede67cc036330b6698ca
  RNCCheckbox: ed1b4ca295475b41e7251ebae046360a703b6eb5
  RNCClipboard: 41d8d918092ae8e676f18adada19104fa3e68495
  RNCMaskedView: 0e1bc4bfa8365eba5fbbb71e07fbdc0555249489
  RNColorMatrixImageFilters: 9b6a80ef1337e327d8b9a1c27d50e753bdcc252f
  RNDeviceInfo: 0a7c1d2532aa7691f9b9925a27e43af006db4dae
  RNDominantColor: 7c17c31201566a592ba4b2fbe2bb7e00df468753
  RNFastImage: 1f2cab428712a4baaf78d6169eaec7f622556dd7
  RNFBAnalytics: 6ea16cce15e2081b26b0727e6520f2f365cf8f9c
  RNFBApp: 39904cebc3958e2d377dccf870b5c5d76cb089a9
  RNFBAuth: 32b9de70bcd7593159b73a81066cd7f9aa919952
  RNFBCrashlytics: 88a8e86c83bfa2695e766ceba47f23f65d2cc359
  RNFBMessaging: 7decac9e31a7eb9f53d9c34ebacea795687f433b
  RNGestureHandler: a479ebd5ed4221a810967000735517df0d2db211
  RNImageCropPicker: ffbba608264885c241cbf3a8f78eb7aeeb978241
  RNPermissions: dcdb7b99796bbeda6975a6e79ad519c41b251b1c
  RNReanimated: c1b56d030d1616239861534d9adb531f8cffab68
  RNScreens: 0df01424e9e0ed7827200d6ed1087ddd06c493f9
  RNShare: be91a5c149585affb02c25b351bd07ba927c7006
  RNSVG: 42a0c731b11179ebbd27a3eeeafa7201ebb476ff
  RNVectorIcons: fcc2f6cb32f5735b586e66d14103a74ce6ad61f8
  SDWebImage: a7f831e1a65eb5e285e3fb046a23fcfbf08e696d
  SDWebImageWebPCoder: 908b83b6adda48effe7667cd2b7f78c897e5111d
  Toast: 91b396c56ee72a5790816f40d3a94dd357abc196
  TOCropViewController: edfd4f25713d56905ad1e0b9f5be3fbe0f59c863
  toolbar-android: 2a73856e98b750d7e71ce4644d3f41cc98211719
  Yoga: 1561f557b0c2b6047a91f7619f666134e2288916
  YogaKit: f782866e155069a2cca2517aafea43200b01fd5a

PODFILE CHECKSUM: 0ed9294e9191e0a859b99235676465794f9a5e74

COCOAPODS: 1.11.3
